<?xml version="1.0" encoding="utf-8"?>
<Project ToolsVersion="4.0" xmlns="http://schemas.microsoft.com/developer/msbuild/2003">
  <ItemGroup>
    <Filter Include="Resource Files">
      <UniqueIdentifier>{67DA6AB6-F800-4c08-8B7A-83BB121AAD01}</UniqueIdentifier>
      <Extensions>rc;ico;cur;bmp;dlg;rc2;rct;bin;rgs;gif;jpg;jpeg;jpe;resx;tiff;tif;png;wav;mfcribbon-ms</Extensions>
    </Filter>
    <Filter Include="Scene">
      <UniqueIdentifier>{4dc30308-e7f0-4386-affc-3819dd0ef0d4}</UniqueIdentifier>
    </Filter>
    <Filter Include="GameObject">
      <UniqueIdentifier>{3235470d-e484-494a-9d70-f53650623233}</UniqueIdentifier>
    </Filter>
    <Filter Include="Core">
      <UniqueIdentifier>{5740f049-8297-4ea4-a098-253d92a109b7}</UniqueIdentifier>
    </Filter>
    <Filter Include="Input">
      <UniqueIdentifier>{498c0a9c-0793-43e5-b4b9-1c05fb47214c}</UniqueIdentifier>
    </Filter>
    <Filter Include="Time">
      <UniqueIdentifier>{52569513-d40c-4f03-af40-8f38ab22bcbb}</UniqueIdentifier>
    </Filter>
    <Filter Include="FPS">
      <UniqueIdentifier>{edaad1e4-fc14-4fe0-822a-0d49aa601842}</UniqueIdentifier>
    </Filter>
    <Filter Include="Imgui">
      <UniqueIdentifier>{f41587af-7e15-47ae-912a-eddcb393f441}</UniqueIdentifier>
    </Filter>
    <Filter Include="Observer Pattern">
      <UniqueIdentifier>{a98ffa05-200a-49e1-9ef6-0bf4c5ea0dfb}</UniqueIdentifier>
    </Filter>
    <Filter Include="Components">
      <UniqueIdentifier>{d596ab6d-8215-4e97-ab29-b0921a0cb2aa}</UniqueIdentifier>
    </Filter>
    <Filter Include="Sound">
      <UniqueIdentifier>{a14f6e52-e65e-472c-b49b-b2be9e3b55ae}</UniqueIdentifier>
    </Filter>
  </ItemGroup>
  <ItemGroup>
    <ClInclude Include="Scene.h">
      <Filter>Scene</Filter>
    </ClInclude>
    <ClInclude Include="SceneManager.h">
      <Filter>Scene</Filter>
    </ClInclude>
    <ClInclude Include="GameObject.h">
      <Filter>GameObject</Filter>
    </ClInclude>
    <ClInclude Include="SceneObject.h">
      <Filter>GameObject</Filter>
    </ClInclude>
    <ClInclude Include="Font.h">
      <Filter>GameObject</Filter>
    </ClInclude>
    <ClInclude Include="TextObject.h">
      <Filter>GameObject</Filter>
    </ClInclude>
    <ClInclude Include="Minigin.h">
      <Filter>Core</Filter>
    </ClInclude>
    <ClInclude Include="MiniginPCH.h">
      <Filter>Core</Filter>
    </ClInclude>
    <ClInclude Include="ResourceManager.h">
      <Filter>Core</Filter>
    </ClInclude>
    <ClInclude Include="Texture2D.h">
      <Filter>GameObject</Filter>
    </ClInclude>
    <ClInclude Include="InputManager.h">
      <Filter>Input</Filter>
    </ClInclude>
    <ClInclude Include="Renderer.h">
      <Filter>Core</Filter>
    </ClInclude>
    <ClInclude Include="Singleton.h">
      <Filter>Core</Filter>
    </ClInclude>
    <ClInclude Include="ComponentBase.h">
      <Filter>Components</Filter>
    </ClInclude>
    <ClInclude Include="Transform.h">
      <Filter>Components</Filter>
    </ClInclude>
    <ClInclude Include="Time.h">
      <Filter>Time</Filter>
    </ClInclude>
    <ClInclude Include="FPS.h">
      <Filter>FPS</Filter>
    </ClInclude>
    <ClInclude Include="FPSCounter.h">
      <Filter>FPS</Filter>
    </ClInclude>
    <ClInclude Include="..\3rdParty\imgui-1.81\imconfig.h">
      <Filter>Imgui</Filter>
    </ClInclude>
    <ClInclude Include="..\3rdParty\imgui-1.81\imgui.h">
      <Filter>Imgui</Filter>
    </ClInclude>
    <ClInclude Include="..\3rdParty\imgui-1.81\imgui_internal.h">
      <Filter>Imgui</Filter>
    </ClInclude>
    <ClInclude Include="..\3rdParty\imgui-1.81\imstb_rectpack.h">
      <Filter>Imgui</Filter>
    </ClInclude>
    <ClInclude Include="..\3rdParty\imgui-1.81\imstb_textedit.h">
      <Filter>Imgui</Filter>
    </ClInclude>
    <ClInclude Include="..\3rdParty\imgui-1.81\imstb_truetype.h">
      <Filter>Imgui</Filter>
    </ClInclude>
    <ClInclude Include="..\3rdParty\imgui-1.81\backends\imgui_impl_opengl2.h">
      <Filter>Imgui</Filter>
    </ClInclude>
    <ClInclude Include="..\3rdParty\imgui-1.81\backends\imgui_impl_sdl.h">
      <Filter>Imgui</Filter>
    </ClInclude>
    <ClInclude Include="Observer.h">
      <Filter>Observer Pattern</Filter>
    </ClInclude>
    <ClInclude Include="Subject.h">
      <Filter>Observer Pattern</Filter>
    </ClInclude>
    <ClInclude Include="PlayerUI.h" />
    <ClInclude Include="Health.h">
      <Filter>Components</Filter>
    </ClInclude>
    <ClInclude Include="Command.h">
      <Filter>Input</Filter>
    </ClInclude>
    <ClInclude Include="ScoreComponent.h">
      <Filter>Components</Filter>
    </ClInclude>
    <ClInclude Include="DamageCommand.h">
      <Filter>Input</Filter>
    </ClInclude>
    <ClInclude Include="ScoreCommand.h">
      <Filter>Input</Filter>
    </ClInclude>
    <ClInclude Include="HealthObserver.h">
      <Filter>Observer Pattern</Filter>
    </ClInclude>
    <ClInclude Include="ScoreObserver.h">
      <Filter>Observer Pattern</Filter>
    </ClInclude>
    <ClInclude Include="SoundSystems.h">
      <Filter>Sound</Filter>
    </ClInclude>
    <ClInclude Include="ServicesBase.h">
      <Filter>Sound</Filter>
    </ClInclude>
  </ItemGroup>
  <ItemGroup>
    <ClCompile Include="Scene.cpp">
      <Filter>Scene</Filter>
    </ClCompile>
    <ClCompile Include="SceneManager.cpp">
      <Filter>Scene</Filter>
    </ClCompile>
    <ClCompile Include="GameObject.cpp">
      <Filter>GameObject</Filter>
    </ClCompile>
    <ClCompile Include="Font.cpp">
      <Filter>GameObject</Filter>
    </ClCompile>
    <ClCompile Include="TextObject.cpp">
      <Filter>GameObject</Filter>
    </ClCompile>
    <ClCompile Include="Texture2D.cpp">
      <Filter>GameObject</Filter>
    </ClCompile>
    <ClCompile Include="Main.cpp">
      <Filter>Core</Filter>
    </ClCompile>
    <ClCompile Include="Minigin.cpp">
      <Filter>Core</Filter>
    </ClCompile>
    <ClCompile Include="MiniginPCH.cpp">
      <Filter>Core</Filter>
    </ClCompile>
    <ClCompile Include="ResourceManager.cpp">
      <Filter>Core</Filter>
    </ClCompile>
    <ClCompile Include="InputManager.cpp">
      <Filter>Input</Filter>
    </ClCompile>
    <ClCompile Include="Renderer.cpp">
      <Filter>Core</Filter>
    </ClCompile>
    <ClCompile Include="Transform.cpp">
      <Filter>Components</Filter>
    </ClCompile>
    <ClCompile Include="Time.cpp">
      <Filter>Time</Filter>
    </ClCompile>
    <ClCompile Include="FPS.cpp">
      <Filter>FPS</Filter>
    </ClCompile>
    <ClCompile Include="FPSCounter.cpp">
      <Filter>FPS</Filter>
    </ClCompile>
    <ClCompile Include="..\3rdParty\imgui-1.81\imgui.cpp">
      <Filter>Imgui</Filter>
    </ClCompile>
    <ClCompile Include="..\3rdParty\imgui-1.81\imgui_demo.cpp">
      <Filter>Imgui</Filter>
    </ClCompile>
    <ClCompile Include="..\3rdParty\imgui-1.81\imgui_draw.cpp">
      <Filter>Imgui</Filter>
    </ClCompile>
    <ClCompile Include="..\3rdParty\imgui-1.81\imgui_tables.cpp">
      <Filter>Imgui</Filter>
    </ClCompile>
    <ClCompile Include="..\3rdParty\imgui-1.81\imgui_widgets.cpp">
      <Filter>Imgui</Filter>
    </ClCompile>
    <ClCompile Include="..\3rdParty\imgui-1.81\backends\imgui_impl_opengl2.cpp">
      <Filter>Imgui</Filter>
    </ClCompile>
    <ClCompile Include="..\3rdParty\imgui-1.81\backends\imgui_impl_sdl.cpp">
      <Filter>Imgui</Filter>
    </ClCompile>
    <ClCompile Include="Observer.cpp">
      <Filter>Observer Pattern</Filter>
    </ClCompile>
    <ClCompile Include="Subject.cpp">
      <Filter>Observer Pattern</Filter>
    </ClCompile>
    <ClCompile Include="PlayerUI.cpp" />
    <ClCompile Include="Health.cpp">
      <Filter>Components</Filter>
    </ClCompile>
    <ClCompile Include="Command.cpp">
      <Filter>Input</Filter>
    </ClCompile>
    <ClCompile Include="ScoreComponent.cpp">
      <Filter>Components</Filter>
    </ClCompile>
    <ClCompile Include="DamageCommand.cpp">
      <Filter>Input</Filter>
    </ClCompile>
    <ClCompile Include="ScoreCommand.cpp">
      <Filter>Input</Filter>
    </ClCompile>
    <ClCompile Include="HealthObserver.cpp">
      <Filter>Observer Pattern</Filter>
    </ClCompile>
    <ClCompile Include="ScoreObserver.cpp">
      <Filter>Observer Pattern</Filter>
    </ClCompile>
    <ClCompile Include="SoundSystems.cpp">
      <Filter>Sound</Filter>
    </ClCompile>
  </ItemGroup>
</Project>