<?xml version="1.0" encoding="utf-8"?>
<Project ToolsVersion="4.0" xmlns="http://schemas.microsoft.com/developer/msbuild/2003">
  <ItemGroup>
    <ClCompile Include="src\Application.cpp">
      <Filter>Core</Filter>
    </ClCompile>
    <ClCompile Include="..\3rdParty\imgui-1.81\imgui.cpp">
      <Filter>ImGui</Filter>
    </ClCompile>
    <ClCompile Include="..\3rdParty\imgui-1.81\imgui_demo.cpp">
      <Filter>ImGui</Filter>
    </ClCompile>
    <ClCompile Include="..\3rdParty\imgui-1.81\imgui_draw.cpp">
      <Filter>ImGui</Filter>
    </ClCompile>
    <ClCompile Include="..\3rdParty\imgui-1.81\backends\imgui_impl_opengl2.cpp">
      <Filter>ImGui</Filter>
    </ClCompile>
    <ClCompile Include="..\3rdParty\imgui-1.81\backends\imgui_impl_sdl.cpp">
      <Filter>ImGui</Filter>
    </ClCompile>
    <ClCompile Include="..\3rdParty\imgui-1.81\imgui_tables.cpp">
      <Filter>ImGui</Filter>
    </ClCompile>
    <ClCompile Include="..\3rdParty\imgui-1.81\imgui_widgets.cpp">
      <Filter>ImGui</Filter>
    </ClCompile>
    <ClCompile Include="src\Subject.cpp">
      <Filter>Observer</Filter>
    </ClCompile>
    <ClCompile Include="src\Observer.cpp">
      <Filter>Observer</Filter>
    </ClCompile>
    <ClCompile Include="src\Command.cpp">
      <Filter>Command</Filter>
    </ClCompile>
    <ClCompile Include="src\Font.cpp">
      <Filter>Resources\Fonts</Filter>
    </ClCompile>
    <ClCompile Include="src\GameObject.cpp">
      <Filter>GameObject</Filter>
    </ClCompile>
    <ClCompile Include="src\GameTime.cpp">
      <Filter>Core</Filter>
    </ClCompile>
    <ClCompile Include="src\InputManager.cpp">
      <Filter>Input</Filter>
    </ClCompile>
    <ClCompile Include="src\SoundSystems.cpp">
      <Filter>Services</Filter>
    </ClCompile>
    <ClCompile Include="src\PeachPCH.cpp">
      <Filter>Core</Filter>
    </ClCompile>
    <ClCompile Include="src\SceneManager.cpp">
      <Filter>Scene</Filter>
    </ClCompile>
    <ClCompile Include="src\Scene.cpp">
      <Filter>Scene</Filter>
    </ClCompile>
    <ClCompile Include="src\ResourceManager.cpp">
      <Filter>Resources</Filter>
    </ClCompile>
    <ClCompile Include="src\Texture2D.cpp">
      <Filter>Resources\Textures</Filter>
    </ClCompile>
    <ClCompile Include="src\Transform.cpp">
      <Filter>Components</Filter>
    </ClCompile>
    <ClCompile Include="src\Renderer.cpp">
      <Filter>Renderer</Filter>
    </ClCompile>
    <ClCompile Include="src\TextureComponent.cpp">
      <Filter>Components</Filter>
    </ClCompile>
    <ClCompile Include="src\MathStructs.cpp" />
    <ClCompile Include="src\TextComponent.cpp">
      <Filter>Components</Filter>
    </ClCompile>
  </ItemGroup>
  <ItemGroup>
    <ClInclude Include="src\Application.h">
      <Filter>Core</Filter>
    </ClInclude>
    <ClInclude Include="..\3rdParty\imgui-1.81\imgui.h">
      <Filter>ImGui</Filter>
    </ClInclude>
    <ClInclude Include="..\3rdParty\imgui-1.81\backends\imgui_impl_opengl2.h">
      <Filter>ImGui</Filter>
    </ClInclude>
    <ClInclude Include="..\3rdParty\imgui-1.81\backends\imgui_impl_sdl.h">
      <Filter>ImGui</Filter>
    </ClInclude>
    <ClInclude Include="..\3rdParty\imgui-1.81\imgui_internal.h">
      <Filter>ImGui</Filter>
    </ClInclude>
    <ClInclude Include="..\3rdParty\imgui-1.81\imstb_rectpack.h">
      <Filter>ImGui</Filter>
    </ClInclude>
    <ClInclude Include="..\3rdParty\imgui-1.81\imstb_textedit.h">
      <Filter>ImGui</Filter>
    </ClInclude>
    <ClInclude Include="..\3rdParty\imgui-1.81\imstb_truetype.h">
      <Filter>ImGui</Filter>
    </ClInclude>
    <ClInclude Include="src\Subject.h">
      <Filter>Observer</Filter>
    </ClInclude>
    <ClInclude Include="src\Observer.h">
      <Filter>Observer</Filter>
    </ClInclude>
    <ClInclude Include="src\Command.h">
      <Filter>Command</Filter>
    </ClInclude>
    <ClInclude Include="src\ComponentBase.h">
      <Filter>Components</Filter>
    </ClInclude>
    <ClInclude Include="src\Font.h">
      <Filter>Resources\Fonts</Filter>
    </ClInclude>
    <ClInclude Include="src\GameObject.h">
      <Filter>GameObject</Filter>
    </ClInclude>
    <ClInclude Include="src\GameTime.h">
      <Filter>Core</Filter>
    </ClInclude>
    <ClInclude Include="src\InputManager.h">
      <Filter>Input</Filter>
    </ClInclude>
    <ClInclude Include="..\3rdParty\imgui-1.81\imconfig.h">
      <Filter>ImGui</Filter>
    </ClInclude>
    <ClInclude Include="src\SoundSystems.h">
      <Filter>Services</Filter>
    </ClInclude>
    <ClInclude Include="src\ServicesBase.h">
      <Filter>Services</Filter>
    </ClInclude>
    <ClInclude Include="src\Peach.h">
      <Filter>Core</Filter>
    </ClInclude>
    <ClInclude Include="src\PeachPCH.h">
      <Filter>Core</Filter>
    </ClInclude>
    <ClInclude Include="src\SceneManager.h">
      <Filter>Scene</Filter>
    </ClInclude>
    <ClInclude Include="src\Scene.h">
      <Filter>Scene</Filter>
    </ClInclude>
    <ClInclude Include="src\ResourceManager.h">
      <Filter>Resources</Filter>
    </ClInclude>
    <ClInclude Include="src\Texture2D.h">
      <Filter>Resources\Textures</Filter>
    </ClInclude>
    <ClInclude Include="src\Transform.h">
      <Filter>Components</Filter>
    </ClInclude>
    <ClInclude Include="src\Renderer.h">
      <Filter>Renderer</Filter>
    </ClInclude>
    <ClInclude Include="src\Singleton.h">
      <Filter>Singleton</Filter>
    </ClInclude>
    <ClInclude Include="src\TextureComponent.h">
      <Filter>Components</Filter>
    </ClInclude>
    <ClInclude Include="src\MathStructs.h" />
    <ClInclude Include="src\TextComponent.h">
      <Filter>Components</Filter>
    </ClInclude>
  </ItemGroup>
  <ItemGroup>
    <Filter Include="Core">
      <UniqueIdentifier>{bde65efb-be8b-45cc-8f49-35740bf129b6}</UniqueIdentifier>
    </Filter>
    <Filter Include="ImGui">
      <UniqueIdentifier>{12f965b5-58c8-4b21-bcd6-08e996867213}</UniqueIdentifier>
    </Filter>
    <Filter Include="Observer">
      <UniqueIdentifier>{d6c6f1cb-f802-42f7-8357-004ec3aa710c}</UniqueIdentifier>
    </Filter>
    <Filter Include="Command">
      <UniqueIdentifier>{8afc7a36-69ab-488a-8b53-278e6994bdb1}</UniqueIdentifier>
    </Filter>
    <Filter Include="Components">
      <UniqueIdentifier>{80849d5c-fb7b-4190-a1af-d2f5e8ebdc19}</UniqueIdentifier>
    </Filter>
    <Filter Include="GameObject">
      <UniqueIdentifier>{a288218d-1020-4458-a520-3c0728c0b5f6}</UniqueIdentifier>
    </Filter>
    <Filter Include="Input">
      <UniqueIdentifier>{156b7b8f-6213-40ce-a047-32f1e186b3c1}</UniqueIdentifier>
    </Filter>
    <Filter Include="Services">
      <UniqueIdentifier>{e3d7dfcf-41ce-438c-86b8-56d4c76deb5e}</UniqueIdentifier>
    </Filter>
    <Filter Include="Scene">
      <UniqueIdentifier>{76684f25-ad61-4d65-b4de-632846a758cc}</UniqueIdentifier>
    </Filter>
    <Filter Include="Resources">
      <UniqueIdentifier>{b952ac4e-11d4-420b-ba90-9977cee3a574}</UniqueIdentifier>
    </Filter>
    <Filter Include="Resources\Fonts">
      <UniqueIdentifier>{1bdd06b8-41d9-49fb-8848-8aee607eb5a7}</UniqueIdentifier>
    </Filter>
    <Filter Include="Resources\Textures">
      <UniqueIdentifier>{15c01564-2a0a-49f7-ad27-017ff62dfa63}</UniqueIdentifier>
    </Filter>
    <Filter Include="Renderer">
      <UniqueIdentifier>{80fd9251-c82a-4a8d-869b-4d48d0ba7780}</UniqueIdentifier>
    </Filter>
    <Filter Include="Singleton">
      <UniqueIdentifier>{eadd5ae4-dc60-48dd-9d04-7ba32e5e4741}</UniqueIdentifier>
    </Filter>
  </ItemGroup>
</Project>